# This file is automatically @generated by Poetry 2.0.1 and should not be changed by hand.

[[package]]
name = "appdirs"
version = "1.4.4"
description = "A small Python module for determining appropriate platform-specific dirs, e.g. a \"user data dir\"."
optional = false
python-versions = "*"
groups = ["main"]
files = [
    {file = "appdirs-1.4.4-py2.py3-none-any.whl", hash = "sha256:a841dacd6b99318a741b166adb07e19ee71a274450e68237b4650ca1055ab128"},
    {file = "appdirs-1.4.4.tar.gz", hash = "sha256:7d5d0167b2b1ba821647616af46a749d1c653740dd0d2415100fe26e27afdf41"},
]

[[package]]
name = "attrs"
version = "18.2.0"
description = "Classes Without Boilerplate"
optional = false
python-versions = "*"
groups = ["main"]
files = [
    {file = "attrs-18.2.0-py2.py3-none-any.whl", hash = "sha256:ca4be454458f9dec299268d472aaa5a11f67a4ff70093396e1ceae9c76cf4bbb"},
    {file = "attrs-18.2.0.tar.gz", hash = "sha256:10cbf6e27dbce8c30807caf056c8eb50917e0eaafe86347671b57254006c3e69"},
]

[package.extras]
dev = ["coverage", "hypothesis", "pre-commit", "pympler", "pytest", "six", "sphinx", "zope.interface", "zope.interface"]
docs = ["sphinx", "zope.interface"]
tests = ["coverage", "hypothesis", "pympler", "pytest", "six", "zope.interface"]

[[package]]
name = "click"
version = "8.1.8"
description = "Composable command line interface toolkit"
optional = false
python-versions = ">=3.7"
groups = ["main"]
files = [
    {file = "click-8.1.8-py3-none-any.whl", hash = "sha256:63c132bbbed01578a06712a2d1f497bb62d9c1c0d329b7903a866228027263b2"},
    {file = "click-8.1.8.tar.gz", hash = "sha256:ed53c9d8990d83c2a27deae68e4ee337473f6330c040a31d4225c9574d16096a"},
]

[package.dependencies]
colorama = {version = "*", markers = "platform_system == \"Windows\""}

[[package]]
name = "colorama"
version = "0.4.6"
description = "Cross-platform colored terminal text."
optional = false
python-versions = "!=3.0.*,!=3.1.*,!=3.2.*,!=3.3.*,!=3.4.*,!=3.5.*,!=3.6.*,>=2.7"
groups = ["main"]
markers = "platform_system == \"Windows\""
files = [
    {file = "colorama-0.4.6-py2.py3-none-any.whl", hash = "sha256:4f1d9991f5acc0ca119f9d443620b77f9d6b33703e51011c16baf57afb285fc6"},
    {file = "colorama-0.4.6.tar.gz", hash = "sha256:08695f5cb7ed6e0531a20572697297273c47b8cae5a63ffc6d6ed5c201be6e44"},
]

[[package]]
name = "fs"
version = "2.4.16"
description = "Python's filesystem abstraction layer"
optional = false
python-versions = "*"
groups = ["main"]
files = [
    {file = "fs-2.4.16-py2.py3-none-any.whl", hash = "sha256:660064febbccda264ae0b6bace80a8d1be9e089e0a5eb2427b7d517f9a91545c"},
    {file = "fs-2.4.16.tar.gz", hash = "sha256:ae97c7d51213f4b70b6a958292530289090de3a7e15841e108fbe144f069d313"},
]

[package.dependencies]
appdirs = ">=1.4.3,<1.5.0"
setuptools = "*"
six = ">=1.10,<2.0"

[package.extras]
scandir = ["scandir (>=1.5,<2.0)"]

[[package]]
name = "latextools"
version = "0.5.0"
description = "A collection of tools for building, rendering, and converting Latex documents"
optional = false
python-versions = "*"
groups = ["main"]
files = [
    {file = "latextools-0.5.0-py3-none-any.whl", hash = "sha256:6e6bb6c8c98ca3e11a84da724c5c081cdc78ff29aaadbaadbe5ef66d327aa4bd"},
]

[package.dependencies]
fs = "*"

[package.extras]
all = ["drawsvg[raster] (>=2.0,<3.0)"]
dev = ["twine"]
svg = ["drawsvg[raster] (>=2.0,<3.0)"]

[[package]]
name = "pdflatex"
version = "0.1.3"
description = "Simple wrapper to calling pdflatex"
optional = false
python-versions = ">=3.6,<4.0"
groups = ["main"]
files = [
    {file = "pdflatex-0.1.3-py3-none-any.whl", hash = "sha256:0e22bf240dd2dc2dd348686e5d259ff00af9ccc8bb1db481c38d03f29184e56e"},
    {file = "pdflatex-0.1.3.tar.gz", hash = "sha256:b8109ff5a5b813e15d6a9e05b4c4c1ae3893b407ad1f8567ef5b89ec37a7aed5"},
]

[package.dependencies]
attrs = ">=18.2,<19.0"

[[package]]
name = "setuptools"
version = "77.0.1"
description = "Easily download, build, install, upgrade, and uninstall Python packages"
optional = false
python-versions = ">=3.9"
groups = ["main"]
files = [
    {file = "setuptools-77.0.1-py3-none-any.whl", hash = "sha256:81a234dff81a82bb52e522c8aef145d0dd4de1fd6de4d3b196d0f77dc2fded26"},
    {file = "setuptools-77.0.1.tar.gz", hash = "sha256:a1246a1b4178c66d7cf50c9fc6d530fac3f89bc284cf803c7fa878c41b1a03b2"},
]

[package.extras]
check = ["pytest-checkdocs (>=2.4)", "pytest-ruff (>=0.2.1)", "ruff (>=0.8.0)"]
core = ["importlib_metadata (>=6)", "jaraco.collections", "jaraco.functools (>=4)", "jaraco.text (>=3.7)", "more_itertools", "more_itertools (>=8.8)", "packaging", "packaging (>=24.2)", "platformdirs (>=4.2.2)", "tomli (>=2.0.1)", "wheel (>=0.43.0)"]
cover = ["pytest-cov"]
doc = ["furo", "jaraco.packaging (>=9.3)", "jaraco.tidelift (>=1.4)", "pygments-github-lexers (==0.0.5)", "pyproject-hooks (!=1.1)", "rst.linker (>=1.9)", "sphinx (>=3.5)", "sphinx-favicon", "sphinx-inline-tabs", "sphinx-lint", "sphinx-notfound-page (>=1,<2)", "sphinx-reredirects", "sphinxcontrib-towncrier", "towncrier (<24.7)"]
enabler = ["pytest-enabler (>=2.2)"]
test = ["build[virtualenv] (>=1.0.3)", "filelock (>=3.4.0)", "ini2toml[lite] (>=0.14)", "jaraco.develop (>=7.21)", "jaraco.envs (>=2.2)", "jaraco.path (>=3.7.2)", "jaraco.test (>=5.5)", "packaging (>=24.2)", "pip (>=19.1)", "pyproject-hooks (!=1.1)", "pytest (>=6,!=8.1.*)", "pytest-home (>=0.5)", "pytest-perf", "pytest-subprocess", "pytest-timeout", "pytest-xdist (>=3)", "tomli-w (>=1.0.0)", "virtualenv (>=13.0.0)", "wheel (>=0.44.0)"]
type = ["importlib_metadata (>=7.0.2)", "jaraco.develop (>=7.21)", "mypy (==1.14.*)", "pytest-mypy"]

[[package]]
name = "six"
version = "1.17.0"
description = "Python 2 and 3 compatibility utilities"
optional = false
python-versions = "!=3.0.*,!=3.1.*,!=3.2.*,>=2.7"
groups = ["main"]
files = [
    {file = "six-1.17.0-py2.py3-none-any.whl", hash = "sha256:4721f391ed90541fddacab5acf947aa0d3dc7d27b2e1e8eda2be8970586c3274"},
    {file = "six-1.17.0.tar.gz", hash = "sha256:ff70335d468e7eb6ec65b95b99d3a2836546063f63acc5171de367e834932a81"},
]

[metadata]
lock-version = "2.1"
python-versions = ">=3.12,<4.0"
content-hash = "d38bb6efe0d8f5d7e9a123d51ac0804fae0d1986ab76f94af4b4d18b18a537d9"
